{
	"name": "todo",
	"version": "1.1.16",
	"lockfileVersion": 3,
	"requires": true,
	"packages": {
		"": {
			"name": "todo",
			"version": "1.1.16",
			"dependencies": {
				"luucy-types": "^10.24.20"
			},
			"devDependencies": {
				"typescript": "^5.5.4"
			}
		},
		"node_modules/luucy-types": {
			"version": "10.24.20",
			"resolved": "https://registry.npmjs.org/luucy-types/-/luucy-types-10.24.20.tgz",
			"integrity": "sha512-l2se/yPFBrXaVWrpVI7ppazry/gZinvZ8ZYB74guuBBJeRUKiDqxpoC/6D5oUZce431UI7AoI1+Q8FviKD15jg==",
			"hasInstallScript": true
		},
		"node_modules/typescript": {
			"version": "5.7.3",
			"resolved": "https://registry.npmjs.org/typescript/-/typescript-5.7.3.tgz",
			"integrity": "sha512-84MVSjMEHP+FQRPy3pX9sTVV/INIex71s9TL2Gm5FG/WG1SqXeKyZ0k7/blY/4FdOzI12CBy1vGc4og/eus0fw==",
			"dev": true,
			"bin": {
				"tsc": "bin/tsc",
				"tsserver": "bin/tsserver"
			},
			"engines": {
				"node": ">=14.17"
			}
		}
	}
}
