{
	"name": "todo",
	"version": "1.1.12",
	"lockfileVersion": 2,
	"requires": true,
	"packages": {
		"": {
			"name": "todo",
			"version": "1.1.12",
			"dependencies": {
				"luucy-types": "^10.24.11"
			},
			"devDependencies": {
				"typescript": "^4.7.4"
			}
		},
		"node_modules/luucy-types": {
			"version": "10.24.11",
			"resolved": "https://registry.npmjs.org/luucy-types/-/luucy-types-10.24.11.tgz",
			"integrity": "sha512-W8X/+pMotb2GhXaB7Oz9jVY6Acsu84z2EmaImfjzj09U+ByuPqg5YHlF5EsWbzLnVO8z5pJxn34msMbNvt8d/A==",
			"hasInstallScript": true
		},
		"node_modules/typescript": {
			"version": "4.7.4",
			"resolved": "https://registry.npmjs.org/typescript/-/typescript-4.7.4.tgz",
			"integrity": "sha512-C0WQT0gezHuw6AdY1M2jxUO83Rjf0HP7Sk1DtXj6j1EwkQNZrHAg2XPWlq62oqEhYvONq5pkC2Y9oPljWToLmQ==",
			"dev": true,
			"bin": {
				"tsc": "bin/tsc",
				"tsserver": "bin/tsserver"
			},
			"engines": {
				"node": ">=4.2.0"
			}
		}
	},
	"dependencies": {
		"luucy-types": {
			"version": "10.24.11",
			"resolved": "https://registry.npmjs.org/luucy-types/-/luucy-types-10.24.11.tgz",
			"integrity": "sha512-W8X/+pMotb2GhXaB7Oz9jVY6Acsu84z2EmaImfjzj09U+ByuPqg5YHlF5EsWbzLnVO8z5pJxn34msMbNvt8d/A=="
		},
		"typescript": {
			"version": "4.7.4",
			"resolved": "https://registry.npmjs.org/typescript/-/typescript-4.7.4.tgz",
			"integrity": "sha512-C0WQT0gezHuw6AdY1M2jxUO83Rjf0HP7Sk1DtXj6j1EwkQNZrHAg2XPWlq62oqEhYvONq5pkC2Y9oPljWToLmQ==",
			"dev": true
		}
	}
}
