{
	"name": "task-list",
	"version": "1.1.11",
	"lockfileVersion": 2,
	"requires": true,
	"packages": {
		"": {
			"name": "task-list",
			"version": "1.1.11",
			"dependencies": {
				"luucy-types": "^10.14.0"
			},
			"devDependencies": {
				"typescript": "^4.7.4"
			}
		},
		"node_modules/luucy-types": {
			"version": "10.14.0",
			"resolved": "https://registry.npmjs.org/luucy-types/-/luucy-types-10.14.0.tgz",
			"integrity": "sha512-bcv4kQByJl/d10JvlMfwm1+VJjjiV8GvVB5i2sSyFcWbd8d4A5MCW4KE9chaCqOjykTZ3eLsTSulut0N68tMpA==",
			"hasInstallScript": true
		},
		"node_modules/typescript": {
			"version": "4.7.4",
			"resolved": "https://registry.npmjs.org/typescript/-/typescript-4.7.4.tgz",
			"integrity": "sha512-C0WQT0gezHuw6AdY1M2jxUO83Rjf0HP7Sk1DtXj6j1EwkQNZrHAg2XPWlq62oqEhYvONq5pkC2Y9oPljWToLmQ==",
			"dev": true,
			"bin": {
				"tsc": "bin/tsc",
				"tsserver": "bin/tsserver"
			},
			"engines": {
				"node": ">=4.2.0"
			}
		}
	},
	"dependencies": {
		"luucy-types": {
			"version": "10.14.0",
			"resolved": "https://registry.npmjs.org/luucy-types/-/luucy-types-10.14.0.tgz",
			"integrity": "sha512-bcv4kQByJl/d10JvlMfwm1+VJjjiV8GvVB5i2sSyFcWbd8d4A5MCW4KE9chaCqOjykTZ3eLsTSulut0N68tMpA=="
		},
		"typescript": {
			"version": "4.7.4",
			"resolved": "https://registry.npmjs.org/typescript/-/typescript-4.7.4.tgz",
			"integrity": "sha512-C0WQT0gezHuw6AdY1M2jxUO83Rjf0HP7Sk1DtXj6j1EwkQNZrHAg2XPWlq62oqEhYvONq5pkC2Y9oPljWToLmQ==",
			"dev": true
		}
	}
}
